
Microsoft Visual Studio Solution File, Format Version 12.00
# Visual Studio Version 17
VisualStudioVersion = 17.14.36414.22
MinimumVisualStudioVersion = 10.0.40219.1
Project("{2150E333-8FDC-42A3-9474-1A3956D46DE8}") = "Task0", "Task0", "{02EA681E-C7D8-13C7-8484-4AC65E1B71E8}"
EndProject
Project("{FAE04EC0-301F-11D3-BF4B-00C04F79EFBC}") = "Tyuiu.KhanikyanDK.Speint0.Task0.V0", "Tyuiu.KhanikyanDK.Speint0.Task0.V0\Tyuiu.KhanikyanDK.Speint0.Task0.V0.csproj", "{D1F148F9-53A2-4F6F-83D4-B9887E614668}"
EndProject
Project("{2150E333-8FDC-42A3-9474-1A3956D46DE8}") = "Task1", "Task1", "{25D5A670-12B9-44AA-9744-FAF88308495E}"
EndProject
Project("{FAE04EC0-301F-11D3-BF4B-00C04F79EFBC}") = "Tyuiu.KhanikyanDK.Sprint0.Task1.V0", "Tyuiu.KhanikyanDK.Sprint0.Task1.V0\Tyuiu.KhanikyanDK.Sprint0.Task1.V0.csproj", "{D2C372A8-8F43-4938-B747-5E7E5387920F}"
EndProject
Project("{2150E333-8FDC-42A3-9474-1A3956D46DE8}") = "Task2", "Task2", "{59895F6B-46BC-4C1B-B780-86FA9AB601BF}"
EndProject
Project("{FAE04EC0-301F-11D3-BF4B-00C04F79EFBC}") = "Tyuiu.KhanikyanDK.Sprint0.Task2.V0", "Tyuiu.KhanikyanDK.Sprint0.Task2.V0\Tyuiu.KhanikyanDK.Sprint0.Task2.V0.csproj", "{7051AE7F-5822-4079-BE0D-3CC851553449}"
EndProject
Project("{FAE04EC0-301F-11D3-BF4B-00C04F79EFBC}") = "Tyuiu.KhanikyanDK.Sprint0.Task2.V0.Lib", "Tyuiu.KhanikyanDK.Sprint0.Task2.V0.Lib\Tyuiu.KhanikyanDK.Sprint0.Task2.V0.Lib.csproj", "{5BA91164-FAC9-4EF6-9093-CE3346E6119C}"
EndProject
Project("{FAE04EC0-301F-11D3-BF4B-00C04F79EFBC}") = "Tyuiu.KhanikyanDK.Sprint0.Task2.V0.Test", "Tyuiu.KhanikyanDK.Sprint0.Task2.V0.Test\Tyuiu.KhanikyanDK.Sprint0.Task2.V0.Test.csproj", "{E07AB013-9EE0-453B-B894-987C1D6305D8}"
EndProject
Project("{2150E333-8FDC-42A3-9474-1A3956D46DE8}") = "Task3", "Task3", "{9CD2B1DE-0EC4-41EC-B881-DAFF8F06E7D2}"
EndProject
Project("{FAE04EC0-301F-11D3-BF4B-00C04F79EFBC}") = "Tyuiu.KhanikyanDK.Sprint0.Task3.V0", "Tyuiu.KhanikyanDK.Sprint0.Task3.V0\Tyuiu.KhanikyanDK.Sprint0.Task3.V0.csproj", "{6D05FFAA-5F80-447D-BB52-D77FAF69549B}"
EndProject
Project("{FAE04EC0-301F-11D3-BF4B-00C04F79EFBC}") = "Tyuiu.KhanikyanDK.Sprint0.Task3.V0.Lib", "Tyuiu.KhanikyanDK.Sprint0.Task3.V0.Lib\Tyuiu.KhanikyanDK.Sprint0.Task3.V0.Lib.csproj", "{A7282EA2-9E31-4840-AD53-AA5FACABD0CC}"
EndProject
Project("{FAE04EC0-301F-11D3-BF4B-00C04F79EFBC}") = "Tyuiu.KhanikyanDK.Sprint0.Task3.V0.Test", "Tyuiu.KhanikyanDK.Sprint0.Task3.V0.Test\Tyuiu.KhanikyanDK.Sprint0.Task3.V0.Test.csproj", "{EF709BAC-D255-472F-90C3-9176417CEF84}"
EndProject
Project("{2150E333-8FDC-42A3-9474-1A3956D46DE8}") = "Task4", "Task4", "{12FBA075-0EFB-4C8C-B0B4-4067B4B54535}"
EndProject
Project("{FAE04EC0-301F-11D3-BF4B-00C04F79EFBC}") = "Tyuiu.KhanikyanDK.Sprint0.Task4.V0.Test", "Tyuiu.KhanikyanDK.Sprint0.Task4.V0.Test\Tyuiu.KhanikyanDK.Sprint0.Task4.V0.Test.csproj", "{2A1FCC3F-EAD0-493C-AC41-2845D761DF95}"
EndProject
Project("{FAE04EC0-301F-11D3-BF4B-00C04F79EFBC}") = "Tyuiu.KhanikyanDK.Sprint0.Task4.V0.Lib", "Tyuiu.KhanikyanDK.Sprint0.Task4.V0.Lib\Tyuiu.KhanikyanDK.Sprint0.Task4.V0.Lib.csproj", "{8A398CA5-EC8C-4838-A438-7D138CB45CA5}"
EndProject
Project("{FAE04EC0-301F-11D3-BF4B-00C04F79EFBC}") = "Tyuiu.KhanikyanDK.Sprint0.Task4.V0", "Tyuiu.KhanikyanDK.Sprint0.Task4.V0\Tyuiu.KhanikyanDK.Sprint0.Task4.V0.csproj", "{96DBB94B-9BB8-4A21-86E4-62CFB82F2B53}"
EndProject
Project("{2150E333-8FDC-42A3-9474-1A3956D46DE8}") = "Task5", "Task5", "{8D282DA8-28F3-46A2-B038-555591CAD635}"
EndProject
Project("{FAE04EC0-301F-11D3-BF4B-00C04F79EFBC}") = "Tyuiu.KhanikyanDK.Sprint0.Task5.V0", "Tyuiu.KhanikyanDK.Sprint0.Task5.V0\Tyuiu.KhanikyanDK.Sprint0.Task5.V0.csproj", "{C4440D1B-3E58-44C6-B6F3-16AB2C808A1F}"
EndProject
Project("{FAE04EC0-301F-11D3-BF4B-00C04F79EFBC}") = "Tyuiu.KhanikyanDK.Sprint0.Task5.V0.Lib", "Tyuiu.KhanikyanDK.Sprint0.Task5.V0.Lib\Tyuiu.KhanikyanDK.Sprint0.Task5.V0.Lib.csproj", "{B83F409E-B333-4345-B12F-C97BB59412E8}"
EndProject
Project("{FAE04EC0-301F-11D3-BF4B-00C04F79EFBC}") = "Tyuiu.KhanikyanDK.Sprint0.Task5.V0.Test", "Tyuiu.KhanikyanDK.Sprint0.Task5.V0.Test\Tyuiu.KhanikyanDK.Sprint0.Task5.V0.Test.csproj", "{3F278706-DB32-4956-94C5-D866F5833529}"
EndProject
Global
	GlobalSection(SolutionConfigurationPlatforms) = preSolution
		Debug|Any CPU = Debug|Any CPU
		Release|Any CPU = Release|Any CPU
	EndGlobalSection
	GlobalSection(ProjectConfigurationPlatforms) = postSolution
		{D1F148F9-53A2-4F6F-83D4-B9887E614668}.Debug|Any CPU.ActiveCfg = Debug|Any CPU
		{D1F148F9-53A2-4F6F-83D4-B9887E614668}.Debug|Any CPU.Build.0 = Debug|Any CPU
		{D1F148F9-53A2-4F6F-83D4-B9887E614668}.Release|Any CPU.ActiveCfg = Release|Any CPU
		{D1F148F9-53A2-4F6F-83D4-B9887E614668}.Release|Any CPU.Build.0 = Release|Any CPU
		{D2C372A8-8F43-4938-B747-5E7E5387920F}.Debug|Any CPU.ActiveCfg = Debug|Any CPU
		{D2C372A8-8F43-4938-B747-5E7E5387920F}.Debug|Any CPU.Build.0 = Debug|Any CPU
		{D2C372A8-8F43-4938-B747-5E7E5387920F}.Release|Any CPU.ActiveCfg = Release|Any CPU
		{D2C372A8-8F43-4938-B747-5E7E5387920F}.Release|Any CPU.Build.0 = Release|Any CPU
		{7051AE7F-5822-4079-BE0D-3CC851553449}.Debug|Any CPU.ActiveCfg = Debug|Any CPU
		{7051AE7F-5822-4079-BE0D-3CC851553449}.Debug|Any CPU.Build.0 = Debug|Any CPU
		{7051AE7F-5822-4079-BE0D-3CC851553449}.Release|Any CPU.ActiveCfg = Release|Any CPU
		{7051AE7F-5822-4079-BE0D-3CC851553449}.Release|Any CPU.Build.0 = Release|Any CPU
		{5BA91164-FAC9-4EF6-9093-CE3346E6119C}.Debug|Any CPU.ActiveCfg = Debug|Any CPU
		{5BA91164-FAC9-4EF6-9093-CE3346E6119C}.Debug|Any CPU.Build.0 = Debug|Any CPU
		{5BA91164-FAC9-4EF6-9093-CE3346E6119C}.Release|Any CPU.ActiveCfg = Release|Any CPU
		{5BA91164-FAC9-4EF6-9093-CE3346E6119C}.Release|Any CPU.Build.0 = Release|Any CPU
		{E07AB013-9EE0-453B-B894-987C1D6305D8}.Debug|Any CPU.ActiveCfg = Debug|Any CPU
		{E07AB013-9EE0-453B-B894-987C1D6305D8}.Debug|Any CPU.Build.0 = Debug|Any CPU
		{E07AB013-9EE0-453B-B894-987C1D6305D8}.Release|Any CPU.ActiveCfg = Release|Any CPU
		{E07AB013-9EE0-453B-B894-987C1D6305D8}.Release|Any CPU.Build.0 = Release|Any CPU
		{6D05FFAA-5F80-447D-BB52-D77FAF69549B}.Debug|Any CPU.ActiveCfg = Debug|Any CPU
		{6D05FFAA-5F80-447D-BB52-D77FAF69549B}.Debug|Any CPU.Build.0 = Debug|Any CPU
		{6D05FFAA-5F80-447D-BB52-D77FAF69549B}.Release|Any CPU.ActiveCfg = Release|Any CPU
		{6D05FFAA-5F80-447D-BB52-D77FAF69549B}.Release|Any CPU.Build.0 = Release|Any CPU
		{A7282EA2-9E31-4840-AD53-AA5FACABD0CC}.Debug|Any CPU.ActiveCfg = Debug|Any CPU
		{A7282EA2-9E31-4840-AD53-AA5FACABD0CC}.Debug|Any CPU.Build.0 = Debug|Any CPU
		{A7282EA2-9E31-4840-AD53-AA5FACABD0CC}.Release|Any CPU.ActiveCfg = Release|Any CPU
		{A7282EA2-9E31-4840-AD53-AA5FACABD0CC}.Release|Any CPU.Build.0 = Release|Any CPU
		{EF709BAC-D255-472F-90C3-9176417CEF84}.Debug|Any CPU.ActiveCfg = Debug|Any CPU
		{EF709BAC-D255-472F-90C3-9176417CEF84}.Debug|Any CPU.Build.0 = Debug|Any CPU
		{EF709BAC-D255-472F-90C3-9176417CEF84}.Release|Any CPU.ActiveCfg = Release|Any CPU
		{EF709BAC-D255-472F-90C3-9176417CEF84}.Release|Any CPU.Build.0 = Release|Any CPU
		{2A1FCC3F-EAD0-493C-AC41-2845D761DF95}.Debug|Any CPU.ActiveCfg = Debug|Any CPU
		{2A1FCC3F-EAD0-493C-AC41-2845D761DF95}.Debug|Any CPU.Build.0 = Debug|Any CPU
		{2A1FCC3F-EAD0-493C-AC41-2845D761DF95}.Release|Any CPU.ActiveCfg = Release|Any CPU
		{2A1FCC3F-EAD0-493C-AC41-2845D761DF95}.Release|Any CPU.Build.0 = Release|Any CPU
		{8A398CA5-EC8C-4838-A438-7D138CB45CA5}.Debug|Any CPU.ActiveCfg = Debug|Any CPU
		{8A398CA5-EC8C-4838-A438-7D138CB45CA5}.Debug|Any CPU.Build.0 = Debug|Any CPU
		{8A398CA5-EC8C-4838-A438-7D138CB45CA5}.Release|Any CPU.ActiveCfg = Release|Any CPU
		{8A398CA5-EC8C-4838-A438-7D138CB45CA5}.Release|Any CPU.Build.0 = Release|Any CPU
		{96DBB94B-9BB8-4A21-86E4-62CFB82F2B53}.Debug|Any CPU.ActiveCfg = Debug|Any CPU
		{96DBB94B-9BB8-4A21-86E4-62CFB82F2B53}.Debug|Any CPU.Build.0 = Debug|Any CPU
		{96DBB94B-9BB8-4A21-86E4-62CFB82F2B53}.Release|Any CPU.ActiveCfg = Release|Any CPU
		{96DBB94B-9BB8-4A21-86E4-62CFB82F2B53}.Release|Any CPU.Build.0 = Release|Any CPU
		{C4440D1B-3E58-44C6-B6F3-16AB2C808A1F}.Debug|Any CPU.ActiveCfg = Debug|Any CPU
		{C4440D1B-3E58-44C6-B6F3-16AB2C808A1F}.Debug|Any CPU.Build.0 = Debug|Any CPU
		{C4440D1B-3E58-44C6-B6F3-16AB2C808A1F}.Release|Any CPU.ActiveCfg = Release|Any CPU
		{C4440D1B-3E58-44C6-B6F3-16AB2C808A1F}.Release|Any CPU.Build.0 = Release|Any CPU
		{B83F409E-B333-4345-B12F-C97BB59412E8}.Debug|Any CPU.ActiveCfg = Debug|Any CPU
		{B83F409E-B333-4345-B12F-C97BB59412E8}.Debug|Any CPU.Build.0 = Debug|Any CPU
		{B83F409E-B333-4345-B12F-C97BB59412E8}.Release|Any CPU.ActiveCfg = Release|Any CPU
		{B83F409E-B333-4345-B12F-C97BB59412E8}.Release|Any CPU.Build.0 = Release|Any CPU
		{3F278706-DB32-4956-94C5-D866F5833529}.Debug|Any CPU.ActiveCfg = Debug|Any CPU
		{3F278706-DB32-4956-94C5-D866F5833529}.Debug|Any CPU.Build.0 = Debug|Any CPU
		{3F278706-DB32-4956-94C5-D866F5833529}.Release|Any CPU.ActiveCfg = Release|Any CPU
		{3F278706-DB32-4956-94C5-D866F5833529}.Release|Any CPU.Build.0 = Release|Any CPU
	EndGlobalSection
	GlobalSection(SolutionProperties) = preSolution
		HideSolutionNode = FALSE
	EndGlobalSection
	GlobalSection(NestedProjects) = preSolution
		{D1F148F9-53A2-4F6F-83D4-B9887E614668} = {02EA681E-C7D8-13C7-8484-4AC65E1B71E8}
		{D2C372A8-8F43-4938-B747-5E7E5387920F} = {25D5A670-12B9-44AA-9744-FAF88308495E}
		{7051AE7F-5822-4079-BE0D-3CC851553449} = {59895F6B-46BC-4C1B-B780-86FA9AB601BF}
		{5BA91164-FAC9-4EF6-9093-CE3346E6119C} = {59895F6B-46BC-4C1B-B780-86FA9AB601BF}
		{E07AB013-9EE0-453B-B894-987C1D6305D8} = {59895F6B-46BC-4C1B-B780-86FA9AB601BF}
		{6D05FFAA-5F80-447D-BB52-D77FAF69549B} = {9CD2B1DE-0EC4-41EC-B881-DAFF8F06E7D2}
		{A7282EA2-9E31-4840-AD53-AA5FACABD0CC} = {9CD2B1DE-0EC4-41EC-B881-DAFF8F06E7D2}
		{EF709BAC-D255-472F-90C3-9176417CEF84} = {9CD2B1DE-0EC4-41EC-B881-DAFF8F06E7D2}
		{2A1FCC3F-EAD0-493C-AC41-2845D761DF95} = {12FBA075-0EFB-4C8C-B0B4-4067B4B54535}
		{8A398CA5-EC8C-4838-A438-7D138CB45CA5} = {12FBA075-0EFB-4C8C-B0B4-4067B4B54535}
		{96DBB94B-9BB8-4A21-86E4-62CFB82F2B53} = {12FBA075-0EFB-4C8C-B0B4-4067B4B54535}
		{C4440D1B-3E58-44C6-B6F3-16AB2C808A1F} = {8D282DA8-28F3-46A2-B038-555591CAD635}
		{B83F409E-B333-4345-B12F-C97BB59412E8} = {8D282DA8-28F3-46A2-B038-555591CAD635}
		{3F278706-DB32-4956-94C5-D866F5833529} = {8D282DA8-28F3-46A2-B038-555591CAD635}
	EndGlobalSection
	GlobalSection(ExtensibilityGlobals) = postSolution
		SolutionGuid = {1493351D-6E38-4084-A870-58358860BF7C}
	EndGlobalSection
EndGlobal
