
Microsoft Visual Studio Solution File, Format Version 12.00
# Visual Studio Version 17
VisualStudioVersion = 17.14.36414.22
MinimumVisualStudioVersion = 10.0.40219.1
Project("{2150E333-8FDC-42A3-9474-1A3956D46DE8}") = "Task0", "Task0", "{02EA681E-C7D8-13C7-8484-4AC65E1B71E8}"
EndProject
Project("{FAE04EC0-301F-11D3-BF4B-00C04F79EFBC}") = "Tyuiu.KhanikyanDK.Speint0.Task0.V0", "Tyuiu.KhanikyanDK.Speint0.Task0.V0\Tyuiu.KhanikyanDK.Speint0.Task0.V0.csproj", "{D1F148F9-53A2-4F6F-83D4-B9887E614668}"
EndProject
Project("{2150E333-8FDC-42A3-9474-1A3956D46DE8}") = "Task1", "Task1", "{25D5A670-12B9-44AA-9744-FAF88308495E}"
EndProject
Project("{FAE04EC0-301F-11D3-BF4B-00C04F79EFBC}") = "Tyuiu.KhanikyanDK.Sprint0.Task1.V0", "Tyuiu.KhanikyanDK.Sprint0.Task1.V0\Tyuiu.KhanikyanDK.Sprint0.Task1.V0.csproj", "{D2C372A8-8F43-4938-B747-5E7E5387920F}"
EndProject
Project("{2150E333-8FDC-42A3-9474-1A3956D46DE8}") = "Task2", "Task2", "{59895F6B-46BC-4C1B-B780-86FA9AB601BF}"
EndProject
Project("{FAE04EC0-301F-11D3-BF4B-00C04F79EFBC}") = "Tyuiu.KhanikyanDK.Sprint0.Task2.V0", "Tyuiu.KhanikyanDK.Sprint0.Task2.V0\Tyuiu.KhanikyanDK.Sprint0.Task2.V0.csproj", "{7051AE7F-5822-4079-BE0D-3CC851553449}"
EndProject
Project("{FAE04EC0-301F-11D3-BF4B-00C04F79EFBC}") = "Tyuiu.KhanikyanDK.Sprint0.Task2.V0.Lib", "Tyuiu.KhanikyanDK.Sprint0.Task2.V0.Lib\Tyuiu.KhanikyanDK.Sprint0.Task2.V0.Lib.csproj", "{5BA91164-FAC9-4EF6-9093-CE3346E6119C}"
EndProject
Project("{FAE04EC0-301F-11D3-BF4B-00C04F79EFBC}") = "Tyuiu.KhanikyanDK.Sprint0.Task2.V0.Test", "Tyuiu.KhanikyanDK.Sprint0.Task2.V0.Test\Tyuiu.KhanikyanDK.Sprint0.Task2.V0.Test.csproj", "{E07AB013-9EE0-453B-B894-987C1D6305D8}"
EndProject
Global
	GlobalSection(SolutionConfigurationPlatforms) = preSolution
		Debug|Any CPU = Debug|Any CPU
		Release|Any CPU = Release|Any CPU
	EndGlobalSection
	GlobalSection(ProjectConfigurationPlatforms) = postSolution
		{D1F148F9-53A2-4F6F-83D4-B9887E614668}.Debug|Any CPU.ActiveCfg = Debug|Any CPU
		{D1F148F9-53A2-4F6F-83D4-B9887E614668}.Debug|Any CPU.Build.0 = Debug|Any CPU
		{D1F148F9-53A2-4F6F-83D4-B9887E614668}.Release|Any CPU.ActiveCfg = Release|Any CPU
		{D1F148F9-53A2-4F6F-83D4-B9887E614668}.Release|Any CPU.Build.0 = Release|Any CPU
		{D2C372A8-8F43-4938-B747-5E7E5387920F}.Debug|Any CPU.ActiveCfg = Debug|Any CPU
		{D2C372A8-8F43-4938-B747-5E7E5387920F}.Debug|Any CPU.Build.0 = Debug|Any CPU
		{D2C372A8-8F43-4938-B747-5E7E5387920F}.Release|Any CPU.ActiveCfg = Release|Any CPU
		{D2C372A8-8F43-4938-B747-5E7E5387920F}.Release|Any CPU.Build.0 = Release|Any CPU
		{7051AE7F-5822-4079-BE0D-3CC851553449}.Debug|Any CPU.ActiveCfg = Debug|Any CPU
		{7051AE7F-5822-4079-BE0D-3CC851553449}.Debug|Any CPU.Build.0 = Debug|Any CPU
		{7051AE7F-5822-4079-BE0D-3CC851553449}.Release|Any CPU.ActiveCfg = Release|Any CPU
		{7051AE7F-5822-4079-BE0D-3CC851553449}.Release|Any CPU.Build.0 = Release|Any CPU
		{5BA91164-FAC9-4EF6-9093-CE3346E6119C}.Debug|Any CPU.ActiveCfg = Debug|Any CPU
		{5BA91164-FAC9-4EF6-9093-CE3346E6119C}.Debug|Any CPU.Build.0 = Debug|Any CPU
		{5BA91164-FAC9-4EF6-9093-CE3346E6119C}.Release|Any CPU.ActiveCfg = Release|Any CPU
		{5BA91164-FAC9-4EF6-9093-CE3346E6119C}.Release|Any CPU.Build.0 = Release|Any CPU
		{E07AB013-9EE0-453B-B894-987C1D6305D8}.Debug|Any CPU.ActiveCfg = Debug|Any CPU
		{E07AB013-9EE0-453B-B894-987C1D6305D8}.Debug|Any CPU.Build.0 = Debug|Any CPU
		{E07AB013-9EE0-453B-B894-987C1D6305D8}.Release|Any CPU.ActiveCfg = Release|Any CPU
		{E07AB013-9EE0-453B-B894-987C1D6305D8}.Release|Any CPU.Build.0 = Release|Any CPU
	EndGlobalSection
	GlobalSection(SolutionProperties) = preSolution
		HideSolutionNode = FALSE
	EndGlobalSection
	GlobalSection(NestedProjects) = preSolution
		{D1F148F9-53A2-4F6F-83D4-B9887E614668} = {02EA681E-C7D8-13C7-8484-4AC65E1B71E8}
		{D2C372A8-8F43-4938-B747-5E7E5387920F} = {25D5A670-12B9-44AA-9744-FAF88308495E}
		{7051AE7F-5822-4079-BE0D-3CC851553449} = {59895F6B-46BC-4C1B-B780-86FA9AB601BF}
		{5BA91164-FAC9-4EF6-9093-CE3346E6119C} = {59895F6B-46BC-4C1B-B780-86FA9AB601BF}
		{E07AB013-9EE0-453B-B894-987C1D6305D8} = {59895F6B-46BC-4C1B-B780-86FA9AB601BF}
	EndGlobalSection
	GlobalSection(ExtensibilityGlobals) = postSolution
		SolutionGuid = {1493351D-6E38-4084-A870-58358860BF7C}
	EndGlobalSection
EndGlobal
